
Microsoft Visual Studio Solution File, Format Version 12.00
# Visual Studio 2012
Project("{FAE04EC0-301F-11D3-BF4B-00C04F79EFBC}") = "Domain", "Domain\Domain.csproj", "{E008364F-9932-4A46-8E1E-54BC97D13AB6}"
EndProject
Project("{FAE04EC0-301F-11D3-BF4B-00C04F79EFBC}") = "WebApp", "WebApp\WebApp.csproj", "{BB922D67-F3F3-4B89-9AF3-D02B85BAE0A5}"
EndProject
Project("{FAE04EC0-301F-11D3-BF4B-00C04F79EFBC}") = "Domain.Core", "Domain.Core\Domain.Core.csproj", "{8D423A14-C49B-42BA-8E8D-E7DC8EE04078}"
EndProject
Project("{FAE04EC0-301F-11D3-BF4B-00C04F79EFBC}") = "DAL.Core", "DAL.Core\DAL.Core.csproj", "{CF78700D-4A99-49B0-A9DF-A1618A4AB6A5}"
EndProject
Project("{FAE04EC0-301F-11D3-BF4B-00C04F79EFBC}") = "DAL", "DAL\DAL.csproj", "{E59FFBC7-45E5-46A6-8CF6-7B373C114E0B}"
EndProject
Project("{FAE04EC0-301F-11D3-BF4B-00C04F79EFBC}") = "DAL.EF", "DAL.EF\DAL.EF.csproj", "{633F4D29-C7EB-453E-AD3B-35FAB0B03A97}"
EndProject
Project("{FAE04EC0-301F-11D3-BF4B-00C04F79EFBC}") = "BLL.Core", "BLL.Core\BLL.Core.csproj", "{743D083A-F833-449C-9107-19A381175280}"
EndProject
Project("{FAE04EC0-301F-11D3-BF4B-00C04F79EFBC}") = "BLL", "BLL\BLL.csproj", "{EB9720D9-EE07-4CAE-AB0A-2E3BE1495657}"
EndProject
Project("{FAE04EC0-301F-11D3-BF4B-00C04F79EFBC}") = "BLL.App", "BLL.App\BLL.App.csproj", "{2CCF2AC6-DC64-4031-B532-B0F094E6CA40}"
EndProject
Project("{2150E333-8FDC-42A3-9474-1A3956D46DE8}") = "Solution Files", "Solution Files", "{85E2F3BE-04F0-45BD-8236-422783BF0384}"
	ProjectSection(SolutionItems) = preProject
		README.md = README.md
		.gitignore = .gitignore
		LICENSE = LICENSE
	EndProjectSection
EndProject
Project("{FAE04EC0-301F-11D3-BF4B-00C04F79EFBC}") = "DAL.JSON", "DAL.JSON\DAL.JSON.csproj", "{9F132ED7-FF1C-4DF5-8A01-6DAAE0EA87B6}"
EndProject
Project("{FAE04EC0-301F-11D3-BF4B-00C04F79EFBC}") = "TestProject", "TestProject\TestProject.csproj", "{EE076D38-083D-492E-BB59-47E031827693}"
EndProject
Global
	GlobalSection(SolutionConfigurationPlatforms) = preSolution
		Debug|Any CPU = Debug|Any CPU
		Release|Any CPU = Release|Any CPU
	EndGlobalSection
	GlobalSection(ProjectConfigurationPlatforms) = postSolution
		{E008364F-9932-4A46-8E1E-54BC97D13AB6}.Debug|Any CPU.ActiveCfg = Debug|Any CPU
		{E008364F-9932-4A46-8E1E-54BC97D13AB6}.Debug|Any CPU.Build.0 = Debug|Any CPU
		{E008364F-9932-4A46-8E1E-54BC97D13AB6}.Release|Any CPU.ActiveCfg = Release|Any CPU
		{E008364F-9932-4A46-8E1E-54BC97D13AB6}.Release|Any CPU.Build.0 = Release|Any CPU
		{BB922D67-F3F3-4B89-9AF3-D02B85BAE0A5}.Debug|Any CPU.ActiveCfg = Debug|Any CPU
		{BB922D67-F3F3-4B89-9AF3-D02B85BAE0A5}.Debug|Any CPU.Build.0 = Debug|Any CPU
		{BB922D67-F3F3-4B89-9AF3-D02B85BAE0A5}.Release|Any CPU.ActiveCfg = Release|Any CPU
		{BB922D67-F3F3-4B89-9AF3-D02B85BAE0A5}.Release|Any CPU.Build.0 = Release|Any CPU
		{8D423A14-C49B-42BA-8E8D-E7DC8EE04078}.Debug|Any CPU.ActiveCfg = Debug|Any CPU
		{8D423A14-C49B-42BA-8E8D-E7DC8EE04078}.Debug|Any CPU.Build.0 = Debug|Any CPU
		{8D423A14-C49B-42BA-8E8D-E7DC8EE04078}.Release|Any CPU.ActiveCfg = Release|Any CPU
		{8D423A14-C49B-42BA-8E8D-E7DC8EE04078}.Release|Any CPU.Build.0 = Release|Any CPU
		{CF78700D-4A99-49B0-A9DF-A1618A4AB6A5}.Debug|Any CPU.ActiveCfg = Debug|Any CPU
		{CF78700D-4A99-49B0-A9DF-A1618A4AB6A5}.Debug|Any CPU.Build.0 = Debug|Any CPU
		{CF78700D-4A99-49B0-A9DF-A1618A4AB6A5}.Release|Any CPU.ActiveCfg = Release|Any CPU
		{CF78700D-4A99-49B0-A9DF-A1618A4AB6A5}.Release|Any CPU.Build.0 = Release|Any CPU
		{E59FFBC7-45E5-46A6-8CF6-7B373C114E0B}.Debug|Any CPU.ActiveCfg = Debug|Any CPU
		{E59FFBC7-45E5-46A6-8CF6-7B373C114E0B}.Debug|Any CPU.Build.0 = Debug|Any CPU
		{E59FFBC7-45E5-46A6-8CF6-7B373C114E0B}.Release|Any CPU.ActiveCfg = Release|Any CPU
		{E59FFBC7-45E5-46A6-8CF6-7B373C114E0B}.Release|Any CPU.Build.0 = Release|Any CPU
		{633F4D29-C7EB-453E-AD3B-35FAB0B03A97}.Debug|Any CPU.ActiveCfg = Debug|Any CPU
		{633F4D29-C7EB-453E-AD3B-35FAB0B03A97}.Debug|Any CPU.Build.0 = Debug|Any CPU
		{633F4D29-C7EB-453E-AD3B-35FAB0B03A97}.Release|Any CPU.ActiveCfg = Release|Any CPU
		{633F4D29-C7EB-453E-AD3B-35FAB0B03A97}.Release|Any CPU.Build.0 = Release|Any CPU
		{743D083A-F833-449C-9107-19A381175280}.Debug|Any CPU.ActiveCfg = Debug|Any CPU
		{743D083A-F833-449C-9107-19A381175280}.Debug|Any CPU.Build.0 = Debug|Any CPU
		{743D083A-F833-449C-9107-19A381175280}.Release|Any CPU.ActiveCfg = Release|Any CPU
		{743D083A-F833-449C-9107-19A381175280}.Release|Any CPU.Build.0 = Release|Any CPU
		{EB9720D9-EE07-4CAE-AB0A-2E3BE1495657}.Debug|Any CPU.ActiveCfg = Debug|Any CPU
		{EB9720D9-EE07-4CAE-AB0A-2E3BE1495657}.Debug|Any CPU.Build.0 = Debug|Any CPU
		{EB9720D9-EE07-4CAE-AB0A-2E3BE1495657}.Release|Any CPU.ActiveCfg = Release|Any CPU
		{EB9720D9-EE07-4CAE-AB0A-2E3BE1495657}.Release|Any CPU.Build.0 = Release|Any CPU
		{2CCF2AC6-DC64-4031-B532-B0F094E6CA40}.Debug|Any CPU.ActiveCfg = Debug|Any CPU
		{2CCF2AC6-DC64-4031-B532-B0F094E6CA40}.Debug|Any CPU.Build.0 = Debug|Any CPU
		{2CCF2AC6-DC64-4031-B532-B0F094E6CA40}.Release|Any CPU.ActiveCfg = Release|Any CPU
		{2CCF2AC6-DC64-4031-B532-B0F094E6CA40}.Release|Any CPU.Build.0 = Release|Any CPU
		{9F132ED7-FF1C-4DF5-8A01-6DAAE0EA87B6}.Debug|Any CPU.ActiveCfg = Debug|Any CPU
		{9F132ED7-FF1C-4DF5-8A01-6DAAE0EA87B6}.Debug|Any CPU.Build.0 = Debug|Any CPU
		{9F132ED7-FF1C-4DF5-8A01-6DAAE0EA87B6}.Release|Any CPU.ActiveCfg = Release|Any CPU
		{9F132ED7-FF1C-4DF5-8A01-6DAAE0EA87B6}.Release|Any CPU.Build.0 = Release|Any CPU
		{EE076D38-083D-492E-BB59-47E031827693}.Debug|Any CPU.ActiveCfg = Debug|Any CPU
		{EE076D38-083D-492E-BB59-47E031827693}.Debug|Any CPU.Build.0 = Debug|Any CPU
		{EE076D38-083D-492E-BB59-47E031827693}.Release|Any CPU.ActiveCfg = Release|Any CPU
		{EE076D38-083D-492E-BB59-47E031827693}.Release|Any CPU.Build.0 = Release|Any CPU
	EndGlobalSection
EndGlobal
